
Microsoft Visual Studio Solution File, Format Version 12.00
# Visual Studio Version 16
VisualStudioVersion = 16.0.31205.134
MinimumVisualStudioVersion = 10.0.40219.1
Project("{FAE04EC0-301F-11D3-BF4B-00C04F79EFBC}") = "EisterPrice", "EisterPrice\EisterPrice.csproj", "{C5BA9329-611F-4851-BA9F-83D6CA3C9B0F}"
EndProject
Project("{FAE04EC0-301F-11D3-BF4B-00C04F79EFBC}") = "EasterEggs", "EasterEggs\EasterEggs.csproj", "{65AB083D-22E1-4762-8895-0F9A0F40A9EC}"
EndProject
Project("{FAE04EC0-301F-11D3-BF4B-00C04F79EFBC}") = "EasterBonuses", "EasterBonuses\EasterBonuses.csproj", "{B02CC2F0-B909-409C-946F-27D9F52B0485}"
EndProject
Project("{FAE04EC0-301F-11D3-BF4B-00C04F79EFBC}") = "EasterSurprise", "EasterSurprise\EasterSurprise.csproj", "{2D9B05D1-2A76-411B-BEA1-3118AB6B080F}"
EndProject
Project("{FAE04EC0-301F-11D3-BF4B-00C04F79EFBC}") = "Game", "Game\Game.csproj", "{5DCD06CA-9EA4-4FD6-81B9-8450E89DF0FA}"
EndProject
Global
	GlobalSection(SolutionConfigurationPlatforms) = preSolution
		Debug|Any CPU = Debug|Any CPU
		Release|Any CPU = Release|Any CPU
	EndGlobalSection
	GlobalSection(ProjectConfigurationPlatforms) = postSolution
		{C5BA9329-611F-4851-BA9F-83D6CA3C9B0F}.Debug|Any CPU.ActiveCfg = Debug|Any CPU
		{C5BA9329-611F-4851-BA9F-83D6CA3C9B0F}.Debug|Any CPU.Build.0 = Debug|Any CPU
		{C5BA9329-611F-4851-BA9F-83D6CA3C9B0F}.Release|Any CPU.ActiveCfg = Release|Any CPU
		{C5BA9329-611F-4851-BA9F-83D6CA3C9B0F}.Release|Any CPU.Build.0 = Release|Any CPU
		{65AB083D-22E1-4762-8895-0F9A0F40A9EC}.Debug|Any CPU.ActiveCfg = Debug|Any CPU
		{65AB083D-22E1-4762-8895-0F9A0F40A9EC}.Debug|Any CPU.Build.0 = Debug|Any CPU
		{65AB083D-22E1-4762-8895-0F9A0F40A9EC}.Release|Any CPU.ActiveCfg = Release|Any CPU
		{65AB083D-22E1-4762-8895-0F9A0F40A9EC}.Release|Any CPU.Build.0 = Release|Any CPU
		{B02CC2F0-B909-409C-946F-27D9F52B0485}.Debug|Any CPU.ActiveCfg = Debug|Any CPU
		{B02CC2F0-B909-409C-946F-27D9F52B0485}.Debug|Any CPU.Build.0 = Debug|Any CPU
		{B02CC2F0-B909-409C-946F-27D9F52B0485}.Release|Any CPU.ActiveCfg = Release|Any CPU
		{B02CC2F0-B909-409C-946F-27D9F52B0485}.Release|Any CPU.Build.0 = Release|Any CPU
		{2D9B05D1-2A76-411B-BEA1-3118AB6B080F}.Debug|Any CPU.ActiveCfg = Debug|Any CPU
		{2D9B05D1-2A76-411B-BEA1-3118AB6B080F}.Debug|Any CPU.Build.0 = Debug|Any CPU
		{2D9B05D1-2A76-411B-BEA1-3118AB6B080F}.Release|Any CPU.ActiveCfg = Release|Any CPU
		{2D9B05D1-2A76-411B-BEA1-3118AB6B080F}.Release|Any CPU.Build.0 = Release|Any CPU
		{5DCD06CA-9EA4-4FD6-81B9-8450E89DF0FA}.Debug|Any CPU.ActiveCfg = Debug|Any CPU
		{5DCD06CA-9EA4-4FD6-81B9-8450E89DF0FA}.Debug|Any CPU.Build.0 = Debug|Any CPU
		{5DCD06CA-9EA4-4FD6-81B9-8450E89DF0FA}.Release|Any CPU.ActiveCfg = Release|Any CPU
		{5DCD06CA-9EA4-4FD6-81B9-8450E89DF0FA}.Release|Any CPU.Build.0 = Release|Any CPU
	EndGlobalSection
	GlobalSection(SolutionProperties) = preSolution
		HideSolutionNode = FALSE
	EndGlobalSection
	GlobalSection(ExtensibilityGlobals) = postSolution
		SolutionGuid = {3A95760E-1C10-4DF7-9394-3BF0682BAE56}
	EndGlobalSection
EndGlobal
